{
  "name": "vocab-learner",
  "version": "1.0.0",
  "lockfileVersion": 3,
  "requires": true,
  "packages": {
    "": {
      "name": "vocab-learner",
      "version": "1.0.0",
      "license": "MIT",
      "dependencies": {
        "@huggingface/hub": "^0.15.0"
      },
      "devDependencies": {}
    },
    "node_modules/@huggingface/hub": {
      "version": "0.15.2",
      "resolved": "https://registry.npmjs.org/@huggingface/hub/-/hub-0.15.2.tgz",
      "integrity": "sha512-MKu7RTkEBp8tvn0ZhBIjQwC1CHA+q8rzTYXAVklOTJEo/SZwCewVL+IcEuj4CoA5DnJ1IhyjkBquxN2dFVnEHg==",
      "license": "MIT",
      "dependencies": {
        "@huggingface/tasks": "^0.12.1"
      },
      "engines": {
        "node": ">=18"
      }
    },
    "node_modules/@huggingface/tasks": {
      "version": "0.12.30",
      "resolved": "https://registry.npmjs.org/@huggingface/tasks/-/tasks-0.12.30.tgz",
      "integrity": "sha512-A1ITdxbEzx9L8wKR8pF7swyrTLxWNDFIGDLUWInxvks2ruQ8PLRBZe8r0EcjC3CDdtlj9jV1V4cgV35K/iy3GQ==",
      "license": "MIT"
    }
  }
}
